<?xml version="1.0" encoding="utf-8"?>
<Project ToolsVersion="4.0" xmlns="http://schemas.microsoft.com/developer/msbuild/2003">
  <ItemGroup>
    <Filter Include="Source Files">
      <UniqueIdentifier>{4FC737F1-C7A5-4376-A066-2A32D752A2FF}</UniqueIdentifier>
      <Extensions>cpp;c;cc;cxx;def;odl;idl;hpj;bat;asm;asmx</Extensions>
    </Filter>
    <Filter Include="Header Files">
      <UniqueIdentifier>{93995380-89BD-4b04-88EB-625FBE52EBFB}</UniqueIdentifier>
      <Extensions>h;hpp;hxx;hm;inl;inc;xsd</Extensions>
    </Filter>
    <Filter Include="Resource Files">
      <UniqueIdentifier>{67DA6AB6-F800-4c08-8B7A-83BB121AAD01}</UniqueIdentifier>
      <Extensions>rc;ico;cur;bmp;dlg;rc2;rct;bin;rgs;gif;jpg;jpeg;jpe;resx;tiff;tif;png;wav;mfcribbon-ms</Extensions>
    </Filter>
    <Filter Include="Api">
      <UniqueIdentifier>{17cbcc2c-f1d6-4375-877a-e21df8daa7db}</UniqueIdentifier>
    </Filter>
    <Filter Include="Api\GoogleAnalytics">
      <UniqueIdentifier>{81be6422-8146-402f-894f-22d4e0a082b4}</UniqueIdentifier>
    </Filter>
  </ItemGroup>
  <ItemGroup>
    <Text Include="ReadMe.txt" />
  </ItemGroup>
  <ItemGroup>
    <ClInclude Include="GoogleAnalyticsPOC.h">
      <Filter>Header Files</Filter>
    </ClInclude>
    <ClInclude Include="GoogleAnalyticsPOCDlg.h">
      <Filter>Header Files</Filter>
    </ClInclude>
    <ClInclude Include="stdafx.h">
      <Filter>Header Files</Filter>
    </ClInclude>
    <ClInclude Include="targetver.h">
      <Filter>Header Files</Filter>
    </ClInclude>
    <ClInclude Include="Resource.h">
      <Filter>Header Files</Filter>
    </ClInclude>
    <ClInclude Include="OneSubDlg.h">
      <Filter>Header Files</Filter>
    </ClInclude>
    <ClInclude Include="TwoSubDlg.h">
      <Filter>Header Files</Filter>
    </ClInclude>
    <ClInclude Include="ThirdSubDlg.h">
      <Filter>Header Files</Filter>
    </ClInclude>
    <ClInclude Include="LoginDlg.h">
      <Filter>Header Files</Filter>
    </ClInclude>
    <ClInclude Include="..\..\include\api\BaseAPI.h">
      <Filter>Api</Filter>
    </ClInclude>
    <ClInclude Include="..\..\include\api\InterfaceObserver.h">
      <Filter>Api</Filter>
    </ClInclude>
    <ClInclude Include="..\..\include\api\MessageCode.h">
      <Filter>Api</Filter>
    </ClInclude>
    <ClInclude Include="..\..\include\api\OSDetector.h">
      <Filter>Api</Filter>
    </ClInclude>
    <ClInclude Include="..\..\include\api\Subject.h">
      <Filter>Api</Filter>
    </ClInclude>
    <ClInclude Include="..\..\include\api\GoogleAnalytics\GAEvent.h">
      <Filter>Api\GoogleAnalytics</Filter>
    </ClInclude>
    <ClInclude Include="..\..\include\api\GoogleAnalytics\GAScreenView.h">
      <Filter>Api\GoogleAnalytics</Filter>
    </ClInclude>
    <ClInclude Include="..\..\include\api\GoogleAnalytics\GoogleAnalyticsAPI.h">
      <Filter>Api\GoogleAnalytics</Filter>
    </ClInclude>
    <ClInclude Include="..\..\include\gasdk\GAType.h">
      <Filter>Header Files</Filter>
    </ClInclude>
    <ClInclude Include="..\..\include\gasdk\GoogleAnalytics.h">
      <Filter>Header Files</Filter>
    </ClInclude>
  </ItemGroup>
  <ItemGroup>
    <ClCompile Include="GoogleAnalyticsPOC.cpp">
      <Filter>Source Files</Filter>
    </ClCompile>
    <ClCompile Include="GoogleAnalyticsPOCDlg.cpp">
      <Filter>Source Files</Filter>
    </ClCompile>
    <ClCompile Include="stdafx.cpp">
      <Filter>Source Files</Filter>
    </ClCompile>
    <ClCompile Include="OneSubDlg.cpp">
      <Filter>Source Files</Filter>
    </ClCompile>
    <ClCompile Include="TwoSubDlg.cpp">
      <Filter>Source Files</Filter>
    </ClCompile>
    <ClCompile Include="ThirdSubDlg.cpp">
      <Filter>Source Files</Filter>
    </ClCompile>
    <ClCompile Include="LoginDlg.cpp">
      <Filter>Source Files</Filter>
    </ClCompile>
    <ClCompile Include="..\..\include\api\BaseAPI.cpp">
      <Filter>Api</Filter>
    </ClCompile>
    <ClCompile Include="..\..\include\api\OSDetector.cpp">
      <Filter>Api</Filter>
    </ClCompile>
    <ClCompile Include="..\..\include\api\Subject.cpp">
      <Filter>Api</Filter>
    </ClCompile>
    <ClCompile Include="..\..\include\api\GoogleAnalytics\GAEvent.cpp">
      <Filter>Api\GoogleAnalytics</Filter>
    </ClCompile>
    <ClCompile Include="..\..\include\api\GoogleAnalytics\GAScreenView.cpp">
      <Filter>Api\GoogleAnalytics</Filter>
    </ClCompile>
    <ClCompile Include="..\..\include\api\GoogleAnalytics\GoogleAnalyticsAPI.cpp">
      <Filter>Api\GoogleAnalytics</Filter>
    </ClCompile>
    <ClCompile Include="..\..\include\gasdk\GoogleAnalytics.cpp">
      <Filter>Source Files</Filter>
    </ClCompile>
  </ItemGroup>
  <ItemGroup>
    <ResourceCompile Include="GoogleAnalyticsPOC.rc">
      <Filter>Resource Files</Filter>
    </ResourceCompile>
  </ItemGroup>
  <ItemGroup>
    <None Include="res\GoogleAnalyticsPOC.rc2">
      <Filter>Resource Files</Filter>
    </None>
  </ItemGroup>
  <ItemGroup>
    <Image Include="res\GoogleAnalyticsPOC.ico">
      <Filter>Resource Files</Filter>
    </Image>
  </ItemGroup>
  <ItemGroup>
    <Manifest Include="res\GoogleAnalyticsPOC.exe.manifest" />
  </ItemGroup>
</Project>